
Microsoft Visual Studio Solution File, Format Version 12.00
# Visual Studio Version 16
VisualStudioVersion = 16.0.28803.202
MinimumVisualStudioVersion = 10.0.40219.1
Project("{9A19103F-16F7-4668-BE54-9A1E7A4F7556}") = "StoreApplication", "StoreApplication\StoreApplication.csproj", "{7F010535-B304-4D90-8FCA-0032978B44FB}"
EndProject
Project("{9A19103F-16F7-4668-BE54-9A1E7A4F7556}") = "StoreApplicationTest", "StoreApplicationTest\StoreApplicationTest.csproj", "{8B520D3C-9FFF-4014-AF95-5EBB508351DD}"
EndProject
Project("{FAE04EC0-301F-11D3-BF4B-00C04F79EFBC}") = "StoreDataAccess", "StoreDataAccess\StoreDataAccess.csproj", "{081910E7-AA0E-4339-88A0-1C0F8F99647D}"
EndProject
Global
	GlobalSection(SolutionConfigurationPlatforms) = preSolution
		Debug|Any CPU = Debug|Any CPU
		Release|Any CPU = Release|Any CPU
	EndGlobalSection
	GlobalSection(ProjectConfigurationPlatforms) = postSolution
		{7F010535-B304-4D90-8FCA-0032978B44FB}.Debug|Any CPU.ActiveCfg = Debug|Any CPU
		{7F010535-B304-4D90-8FCA-0032978B44FB}.Debug|Any CPU.Build.0 = Debug|Any CPU
		{7F010535-B304-4D90-8FCA-0032978B44FB}.Release|Any CPU.ActiveCfg = Release|Any CPU
		{7F010535-B304-4D90-8FCA-0032978B44FB}.Release|Any CPU.Build.0 = Release|Any CPU
		{8B520D3C-9FFF-4014-AF95-5EBB508351DD}.Debug|Any CPU.ActiveCfg = Debug|Any CPU
		{8B520D3C-9FFF-4014-AF95-5EBB508351DD}.Debug|Any CPU.Build.0 = Debug|Any CPU
		{8B520D3C-9FFF-4014-AF95-5EBB508351DD}.Release|Any CPU.ActiveCfg = Release|Any CPU
		{8B520D3C-9FFF-4014-AF95-5EBB508351DD}.Release|Any CPU.Build.0 = Release|Any CPU
		{081910E7-AA0E-4339-88A0-1C0F8F99647D}.Debug|Any CPU.ActiveCfg = Debug|Any CPU
		{081910E7-AA0E-4339-88A0-1C0F8F99647D}.Debug|Any CPU.Build.0 = Debug|Any CPU
		{081910E7-AA0E-4339-88A0-1C0F8F99647D}.Release|Any CPU.ActiveCfg = Release|Any CPU
		{081910E7-AA0E-4339-88A0-1C0F8F99647D}.Release|Any CPU.Build.0 = Release|Any CPU
	EndGlobalSection
	GlobalSection(SolutionProperties) = preSolution
		HideSolutionNode = FALSE
	EndGlobalSection
	GlobalSection(ExtensibilityGlobals) = postSolution
		SolutionGuid = {86827C84-9E3C-4D8A-8396-ECC2A163D957}
	EndGlobalSection
EndGlobal
