
Microsoft Visual Studio Solution File, Format Version 12.00
# Visual Studio Version 16
VisualStudioVersion = 16.0.28803.202
MinimumVisualStudioVersion = 10.0.40219.1
Project("{FAE04EC0-301F-11D3-BF4B-00C04F79EFBC}") = "Calculator", "Calculator\Calculator.csproj", "{327E86DB-11F6-4850-9DB5-C0EB10D1DF7D}"
EndProject
Global
	GlobalSection(SolutionConfigurationPlatforms) = preSolution
		Debug|Any CPU = Debug|Any CPU
		Release|Any CPU = Release|Any CPU
	EndGlobalSection
	GlobalSection(ProjectConfigurationPlatforms) = postSolution
		{327E86DB-11F6-4850-9DB5-C0EB10D1DF7D}.Debug|Any CPU.ActiveCfg = Debug|Any CPU
		{327E86DB-11F6-4850-9DB5-C0EB10D1DF7D}.Debug|Any CPU.Build.0 = Debug|Any CPU
		{327E86DB-11F6-4850-9DB5-C0EB10D1DF7D}.Release|Any CPU.ActiveCfg = Release|Any CPU
		{327E86DB-11F6-4850-9DB5-C0EB10D1DF7D}.Release|Any CPU.Build.0 = Release|Any CPU
	EndGlobalSection
	GlobalSection(SolutionProperties) = preSolution
		HideSolutionNode = FALSE
	EndGlobalSection
	GlobalSection(ExtensibilityGlobals) = postSolution
		SolutionGuid = {22C3A6C5-FB02-422D-A00C-A6398EB88ADB}
	EndGlobalSection
EndGlobal
