
Microsoft Visual Studio Solution File, Format Version 12.00
# Visual Studio Version 16
VisualStudioVersion = 16.0.28803.202
MinimumVisualStudioVersion = 10.0.40219.1
Project("{FAE04EC0-301F-11D3-BF4B-00C04F79EFBC}") = "AnimalsUI", "AnimalsUI\AnimalsUI.csproj", "{719FE853-35E4-4706-A3D4-3BE2E91B1549}"
EndProject
Global
	GlobalSection(SolutionConfigurationPlatforms) = preSolution
		Debug|Any CPU = Debug|Any CPU
		Release|Any CPU = Release|Any CPU
	EndGlobalSection
	GlobalSection(ProjectConfigurationPlatforms) = postSolution
		{719FE853-35E4-4706-A3D4-3BE2E91B1549}.Debug|Any CPU.ActiveCfg = Debug|Any CPU
		{719FE853-35E4-4706-A3D4-3BE2E91B1549}.Debug|Any CPU.Build.0 = Debug|Any CPU
		{719FE853-35E4-4706-A3D4-3BE2E91B1549}.Release|Any CPU.ActiveCfg = Release|Any CPU
		{719FE853-35E4-4706-A3D4-3BE2E91B1549}.Release|Any CPU.Build.0 = Release|Any CPU
	EndGlobalSection
	GlobalSection(SolutionProperties) = preSolution
		HideSolutionNode = FALSE
	EndGlobalSection
	GlobalSection(ExtensibilityGlobals) = postSolution
		SolutionGuid = {6A8770D3-DA81-4451-819C-A8CD63BA1256}
	EndGlobalSection
EndGlobal
