
Microsoft Visual Studio Solution File, Format Version 12.00
# Visual Studio Version 16
VisualStudioVersion = 16.0.28803.352
MinimumVisualStudioVersion = 10.0.40219.1
Project("{FAE04EC0-301F-11D3-BF4B-00C04F79EFBC}") = "AdoNetDemo.Connected", "AdoNetDemo.Connected\AdoNetDemo.Connected.csproj", "{045BBC4C-2247-44D2-A29F-56E1F50BA29E}"
EndProject
Global
	GlobalSection(SolutionConfigurationPlatforms) = preSolution
		Debug|Any CPU = Debug|Any CPU
		Release|Any CPU = Release|Any CPU
	EndGlobalSection
	GlobalSection(ProjectConfigurationPlatforms) = postSolution
		{045BBC4C-2247-44D2-A29F-56E1F50BA29E}.Debug|Any CPU.ActiveCfg = Debug|Any CPU
		{045BBC4C-2247-44D2-A29F-56E1F50BA29E}.Debug|Any CPU.Build.0 = Debug|Any CPU
		{045BBC4C-2247-44D2-A29F-56E1F50BA29E}.Release|Any CPU.ActiveCfg = Release|Any CPU
		{045BBC4C-2247-44D2-A29F-56E1F50BA29E}.Release|Any CPU.Build.0 = Release|Any CPU
	EndGlobalSection
	GlobalSection(SolutionProperties) = preSolution
		HideSolutionNode = FALSE
	EndGlobalSection
	GlobalSection(ExtensibilityGlobals) = postSolution
		SolutionGuid = {B75B883D-F74B-462B-A692-4CCA32BA0118}
	EndGlobalSection
EndGlobal
